PODS:
  - SDWebImage (5.18.7):
    - SDWebImage/Core (= 5.18.7)
  - SDWebImage/Core (5.18.7)
  - SDWebImageSwiftUI (2.2.6):
    - SDWebImage (~> 5.10)

DEPENDENCIES:
  - SDWebImageSwiftUI (~> 2.2.5)

SPEC REPOS:
  trunk:
    - SDWebImage
    - SDWebImageSwiftUI

SPEC CHECKSUMS:
  SDWebImage: f9258c58221ed854cfa0e2b80ee4033710b1c6d3
  SDWebImageSwiftUI: 3a8448b76833ed0e954a651be6c6f45faceed29d

PODFILE CHECKSUM: 9159c52183692570c7924daa6bf61e3b0fa60fe2

COCOAPODS: 1.14.3
