// !$*UTF8*$!
{
	archiveVersion = 1;
	classes = {
	};
	objectVersion = 56;
	objects = {

/* Begin PBXBuildFile section */
		5F14ACABC3C085E6840B41E2 /* Pods_MockTaobao_MockTaobaoUITests.framework in Frameworks */ = {isa = PBXBuildFile; fileRef = 09AC21C066C122EABEB88A81 /* Pods_MockTaobao_MockTaobaoUITests.framework */; };
		86078C1A947981B998235EBC /* Pods_MockTaobao.framework in Frameworks */ = {isa = PBXBuildFile; fileRef = 0DACCD98419B544CE41DBB7C /* Pods_MockTaobao.framework */; };
		AEF79E46D0040ED915D55149 /* Pods_MockTaobaoTests.framework in Frameworks */ = {isa = PBXBuildFile; fileRef = 3492B9EFC2728F7BD9176C61 /* Pods_MockTaobaoTests.framework */; };
		D607FEC52B8E134B0097D478 /* UserSettings.swift in Sources */ = {isa = PBXBuildFile; fileRef = D607FEC42B8E134B0097D478 /* UserSettings.swift */; };
		D6AB81FD2B22F7F90081AB8F /* CartPageView.swift in Sources */ = {isa = PBXBuildFile; fileRef = D6AB81FC2B22F7F90081AB8F /* CartPageView.swift */; };
		D6AB81FF2B22F80A0081AB8F /* MyPageView.swift in Sources */ = {isa = PBXBuildFile; fileRef = D6AB81FE2B22F80A0081AB8F /* MyPageView.swift */; };
		D6C8DE582B1FEFAA0081F75C /* MockTaobaoApp.swift in Sources */ = {isa = PBXBuildFile; fileRef = D6C8DE572B1FEFAA0081F75C /* MockTaobaoApp.swift */; };
		D6C8DE5A2B1FEFAA0081F75C /* TaoPageView.swift in Sources */ = {isa = PBXBuildFile; fileRef = D6C8DE592B1FEFAA0081F75C /* TaoPageView.swift */; };
		D6C8DE5C2B1FEFAB0081F75C /* Assets.xcassets in Resources */ = {isa = PBXBuildFile; fileRef = D6C8DE5B2B1FEFAB0081F75C /* Assets.xcassets */; };
		D6C8DE602B1FEFAB0081F75C /* Preview Assets.xcassets in Resources */ = {isa = PBXBuildFile; fileRef = D6C8DE5F2B1FEFAB0081F75C /* Preview Assets.xcassets */; };
		D6C8DE6A2B1FEFAC0081F75C /* MockTaobaoTests.swift in Sources */ = {isa = PBXBuildFile; fileRef = D6C8DE692B1FEFAC0081F75C /* MockTaobaoTests.swift */; };
		D6C8DE742B1FEFAC0081F75C /* MockTaobaoUITests.swift in Sources */ = {isa = PBXBuildFile; fileRef = D6C8DE732B1FEFAC0081F75C /* MockTaobaoUITests.swift */; };
		D6C8DE762B1FEFAC0081F75C /* MockTaobaoUITestsLaunchTests.swift in Sources */ = {isa = PBXBuildFile; fileRef = D6C8DE752B1FEFAC0081F75C /* MockTaobaoUITestsLaunchTests.swift */; };
		D6C8DE852B1FEFE20081F75C /* SubscriptionView.swift in Sources */ = {isa = PBXBuildFile; fileRef = D6C8DE842B1FEFE20081F75C /* SubscriptionView.swift */; };
		D6C8DE872B1FEFFC0081F75C /* RecommendationView.swift in Sources */ = {isa = PBXBuildFile; fileRef = D6C8DE862B1FEFFC0081F75C /* RecommendationView.swift */; };
		D6C8DE8B2B1FF81D0081F75C /* TaoPageTabBar.swift in Sources */ = {isa = PBXBuildFile; fileRef = D6C8DE8A2B1FF81D0081F75C /* TaoPageTabBar.swift */; };
		D6C8DE8D2B1FF8E40081F75C /* MainTabBarButton.swift in Sources */ = {isa = PBXBuildFile; fileRef = D6C8DE8C2B1FF8E40081F75C /* MainTabBarButton.swift */; };
		D6C8DE8F2B1FFAF20081F75C /* MainIconButton.swift in Sources */ = {isa = PBXBuildFile; fileRef = D6C8DE8E2B1FFAF20081F75C /* MainIconButton.swift */; };
		D6C8DE932B204C270081F75C /* SearchBar.swift in Sources */ = {isa = PBXBuildFile; fileRef = D6C8DE922B204C270081F75C /* SearchBar.swift */; };
		D6C8DE952B20536B0081F75C /* TypeTabsScrollView.swift in Sources */ = {isa = PBXBuildFile; fileRef = D6C8DE942B20536B0081F75C /* TypeTabsScrollView.swift */; };
		D6C8DE982B2057D70081F75C /* MiniAppData.swift in Sources */ = {isa = PBXBuildFile; fileRef = D6C8DE972B2057D70081F75C /* MiniAppData.swift */; };
		D6C8DE9A2B2058E10081F75C /* MiniAppScrollView.swift in Sources */ = {isa = PBXBuildFile; fileRef = D6C8DE992B2058E10081F75C /* MiniAppScrollView.swift */; };
		D6C8DE9D2B21A0FA0081F75C /* ItemGridView.swift in Sources */ = {isa = PBXBuildFile; fileRef = D6C8DE9C2B21A0FA0081F75C /* ItemGridView.swift */; };
		D6C8DE9F2B21A1CB0081F75C /* ItemGalleryView.swift in Sources */ = {isa = PBXBuildFile; fileRef = D6C8DE9E2B21A1CB0081F75C /* ItemGalleryView.swift */; };
		D6C8DEA52B21AA6C0081F75C /* ItemAdGridTile.swift in Sources */ = {isa = PBXBuildFile; fileRef = D6C8DEA42B21AA6B0081F75C /* ItemAdGridTile.swift */; };
		D6C8DEA82B2293AE0081F75C /* ItemGridTile.swift in Sources */ = {isa = PBXBuildFile; fileRef = D6C8DEA72B2293AE0081F75C /* ItemGridTile.swift */; };
		D6C8DEAD2B229DE30081F75C /* gifgif.gif in Resources */ = {isa = PBXBuildFile; fileRef = D6C8DEAB2B229DE20081F75C /* gifgif.gif */; };
		D6C8DEAE2B229DE30081F75C /* video3.mp4 in Resources */ = {isa = PBXBuildFile; fileRef = D6C8DEAC2B229DE30081F75C /* video3.mp4 */; };
		D6C8DEB02B229E2B0081F75C /* VideoView.swift in Sources */ = {isa = PBXBuildFile; fileRef = D6C8DEAF2B229E2B0081F75C /* VideoView.swift */; };
		D6C8DEB22B22A6B40081F75C /* ItemGridViewModel.swift in Sources */ = {isa = PBXBuildFile; fileRef = D6C8DEB12B22A6B40081F75C /* ItemGridViewModel.swift */; };
		D6C8DEB52B22AF860081F75C /* ItemDetailPage.swift in Sources */ = {isa = PBXBuildFile; fileRef = D6C8DEB42B22AF860081F75C /* ItemDetailPage.swift */; };
		D6C8DEB72B22AF9E0081F75C /* ItemDetailBar.swift in Sources */ = {isa = PBXBuildFile; fileRef = D6C8DEB62B22AF9E0081F75C /* ItemDetailBar.swift */; };
		D6C8DEB92B22B1A80081F75C /* ItemDetailTabBar.swift in Sources */ = {isa = PBXBuildFile; fileRef = D6C8DEB82B22B1A80081F75C /* ItemDetailTabBar.swift */; };
		D6C8DEBC2B22B1EC0081F75C /* ItemDetailGalleryView.swift in Sources */ = {isa = PBXBuildFile; fileRef = D6C8DEBB2B22B1EC0081F75C /* ItemDetailGalleryView.swift */; };
		D6C8DEBE2B22BA120081F75C /* ItemDetailView.swift in Sources */ = {isa = PBXBuildFile; fileRef = D6C8DEBD2B22BA120081F75C /* ItemDetailView.swift */; };
		D6C8DEC02B22BCFE0081F75C /* ItemDetailPriceTagView.swift in Sources */ = {isa = PBXBuildFile; fileRef = D6C8DEBF2B22BCFE0081F75C /* ItemDetailPriceTagView.swift */; };
		D6C8DEC22B22CF610081F75C /* ItemDetailDescriptionView.swift in Sources */ = {isa = PBXBuildFile; fileRef = D6C8DEC12B22CF610081F75C /* ItemDetailDescriptionView.swift */; };
		D6C8DEC42B22D64C0081F75C /* ItemDetailBottomBar.swift in Sources */ = {isa = PBXBuildFile; fileRef = D6C8DEC32B22D64C0081F75C /* ItemDetailBottomBar.swift */; };
		D6C8DEC62B22D96B0081F75C /* ItemDetailReviewView.swift in Sources */ = {isa = PBXBuildFile; fileRef = D6C8DEC52B22D96B0081F75C /* ItemDetailReviewView.swift */; };
		D6C8DEC82B22DFDA0081F75C /* ItemDetailAskView.swift in Sources */ = {isa = PBXBuildFile; fileRef = D6C8DEC72B22DFDA0081F75C /* ItemDetailAskView.swift */; };
		D6C8DECA2B22E0E70081F75C /* ItemDetailShopInfo.swift in Sources */ = {isa = PBXBuildFile; fileRef = D6C8DEC92B22E0E70081F75C /* ItemDetailShopInfo.swift */; };
		D6C8DECC2B22EFFF0081F75C /* ItemDetailRecommentationView.swift in Sources */ = {isa = PBXBuildFile; fileRef = D6C8DECB2B22EFFF0081F75C /* ItemDetailRecommentationView.swift */; };
		D6C8DECE2B22F2900081F75C /* ItemDetailFlyers.swift in Sources */ = {isa = PBXBuildFile; fileRef = D6C8DECD2B22F2900081F75C /* ItemDetailFlyers.swift */; };
		D6C8DED02B22F53C0081F75C /* MainPageView.swift in Sources */ = {isa = PBXBuildFile; fileRef = D6C8DECF2B22F53C0081F75C /* MainPageView.swift */; };
		D6C8DED22B22F7A00081F75C /* ExplorePageView.swift in Sources */ = {isa = PBXBuildFile; fileRef = D6C8DED12B22F7A00081F75C /* ExplorePageView.swift */; };
		D6C8DED42B22F7B80081F75C /* MessagePageView.swift in Sources */ = {isa = PBXBuildFile; fileRef = D6C8DED32B22F7B80081F75C /* MessagePageView.swift */; };
/* End PBXBuildFile section */

/* Begin PBXContainerItemProxy section */
		D6C8DE662B1FEFAC0081F75C /* PBXContainerItemProxy */ = {
			isa = PBXContainerItemProxy;
			containerPortal = D6C8DE4C2B1FEFAA0081F75C /* Project object */;
			proxyType = 1;
			remoteGlobalIDString = D6C8DE532B1FEFAA0081F75C;
			remoteInfo = MockTaobao;
		};
		D6C8DE702B1FEFAC0081F75C /* PBXContainerItemProxy */ = {
			isa = PBXContainerItemProxy;
			containerPortal = D6C8DE4C2B1FEFAA0081F75C /* Project object */;
			proxyType = 1;
			remoteGlobalIDString = D6C8DE532B1FEFAA0081F75C;
			remoteInfo = MockTaobao;
		};
/* End PBXContainerItemProxy section */

/* Begin PBXFileReference section */
		09AC21C066C122EABEB88A81 /* Pods_MockTaobao_MockTaobaoUITests.framework */ = {isa = PBXFileReference; explicitFileType = wrapper.framework; includeInIndex = 0; path = Pods_MockTaobao_MockTaobaoUITests.framework; sourceTree = BUILT_PRODUCTS_DIR; };
		0DACCD98419B544CE41DBB7C /* Pods_MockTaobao.framework */ = {isa = PBXFileReference; explicitFileType = wrapper.framework; includeInIndex = 0; path = Pods_MockTaobao.framework; sourceTree = BUILT_PRODUCTS_DIR; };
		30095256687BB76FC09CE10B /* Pods-MockTaobaoTests.debug.xcconfig */ = {isa = PBXFileReference; includeInIndex = 1; lastKnownFileType = text.xcconfig; name = "Pods-MockTaobaoTests.debug.xcconfig"; path = "Target Support Files/Pods-MockTaobaoTests/Pods-MockTaobaoTests.debug.xcconfig"; sourceTree = "<group>"; };
		3492B9EFC2728F7BD9176C61 /* Pods_MockTaobaoTests.framework */ = {isa = PBXFileReference; explicitFileType = wrapper.framework; includeInIndex = 0; path = Pods_MockTaobaoTests.framework; sourceTree = BUILT_PRODUCTS_DIR; };
		83615EAE5F2A9AF06D74BD44 /* Pods-MockTaobao.release.xcconfig */ = {isa = PBXFileReference; includeInIndex = 1; lastKnownFileType = text.xcconfig; name = "Pods-MockTaobao.release.xcconfig"; path = "Target Support Files/Pods-MockTaobao/Pods-MockTaobao.release.xcconfig"; sourceTree = "<group>"; };
		9975BD9DCF74327CDB78E922 /* Pods-MockTaobaoTests.release.xcconfig */ = {isa = PBXFileReference; includeInIndex = 1; lastKnownFileType = text.xcconfig; name = "Pods-MockTaobaoTests.release.xcconfig"; path = "Target Support Files/Pods-MockTaobaoTests/Pods-MockTaobaoTests.release.xcconfig"; sourceTree = "<group>"; };
		A0EC21D9AF10A6E50751D2E6 /* Pods-MockTaobao-MockTaobaoUITests.debug.xcconfig */ = {isa = PBXFileReference; includeInIndex = 1; lastKnownFileType = text.xcconfig; name = "Pods-MockTaobao-MockTaobaoUITests.debug.xcconfig"; path = "Target Support Files/Pods-MockTaobao-MockTaobaoUITests/Pods-MockTaobao-MockTaobaoUITests.debug.xcconfig"; sourceTree = "<group>"; };
		B143F5D69E550D0EEF322F23 /* Pods-MockTaobao.debug.xcconfig */ = {isa = PBXFileReference; includeInIndex = 1; lastKnownFileType = text.xcconfig; name = "Pods-MockTaobao.debug.xcconfig"; path = "Target Support Files/Pods-MockTaobao/Pods-MockTaobao.debug.xcconfig"; sourceTree = "<group>"; };
		CC1247FB516766A0258F9B27 /* Pods-MockTaobao-MockTaobaoUITests.release.xcconfig */ = {isa = PBXFileReference; includeInIndex = 1; lastKnownFileType = text.xcconfig; name = "Pods-MockTaobao-MockTaobaoUITests.release.xcconfig"; path = "Target Support Files/Pods-MockTaobao-MockTaobaoUITests/Pods-MockTaobao-MockTaobaoUITests.release.xcconfig"; sourceTree = "<group>"; };
		D607FEC42B8E134B0097D478 /* UserSettings.swift */ = {isa = PBXFileReference; lastKnownFileType = sourcecode.swift; path = UserSettings.swift; sourceTree = "<group>"; };
		D6AB81FC2B22F7F90081AB8F /* CartPageView.swift */ = {isa = PBXFileReference; lastKnownFileType = sourcecode.swift; path = CartPageView.swift; sourceTree = "<group>"; };
		D6AB81FE2B22F80A0081AB8F /* MyPageView.swift */ = {isa = PBXFileReference; lastKnownFileType = sourcecode.swift; path = MyPageView.swift; sourceTree = "<group>"; };
		D6C8DE542B1FEFAA0081F75C /* MockTaobao.app */ = {isa = PBXFileReference; explicitFileType = wrapper.application; includeInIndex = 0; path = MockTaobao.app; sourceTree = BUILT_PRODUCTS_DIR; };
		D6C8DE572B1FEFAA0081F75C /* MockTaobaoApp.swift */ = {isa = PBXFileReference; lastKnownFileType = sourcecode.swift; path = MockTaobaoApp.swift; sourceTree = "<group>"; };
		D6C8DE592B1FEFAA0081F75C /* TaoPageView.swift */ = {isa = PBXFileReference; lastKnownFileType = sourcecode.swift; path = TaoPageView.swift; sourceTree = "<group>"; };
		D6C8DE5B2B1FEFAB0081F75C /* Assets.xcassets */ = {isa = PBXFileReference; lastKnownFileType = folder.assetcatalog; path = Assets.xcassets; sourceTree = "<group>"; };
		D6C8DE5D2B1FEFAB0081F75C /* MockTaobao.entitlements */ = {isa = PBXFileReference; lastKnownFileType = text.plist.entitlements; path = MockTaobao.entitlements; sourceTree = "<group>"; };
		D6C8DE5F2B1FEFAB0081F75C /* Preview Assets.xcassets */ = {isa = PBXFileReference; lastKnownFileType = folder.assetcatalog; path = "Preview Assets.xcassets"; sourceTree = "<group>"; };
		D6C8DE652B1FEFAC0081F75C /* MockTaobaoTests.xctest */ = {isa = PBXFileReference; explicitFileType = wrapper.cfbundle; includeInIndex = 0; path = MockTaobaoTests.xctest; sourceTree = BUILT_PRODUCTS_DIR; };
		D6C8DE692B1FEFAC0081F75C /* MockTaobaoTests.swift */ = {isa = PBXFileReference; lastKnownFileType = sourcecode.swift; path = MockTaobaoTests.swift; sourceTree = "<group>"; };
		D6C8DE6F2B1FEFAC0081F75C /* MockTaobaoUITests.xctest */ = {isa = PBXFileReference; explicitFileType = wrapper.cfbundle; includeInIndex = 0; path = MockTaobaoUITests.xctest; sourceTree = BUILT_PRODUCTS_DIR; };
		D6C8DE732B1FEFAC0081F75C /* MockTaobaoUITests.swift */ = {isa = PBXFileReference; lastKnownFileType = sourcecode.swift; path = MockTaobaoUITests.swift; sourceTree = "<group>"; };
		D6C8DE752B1FEFAC0081F75C /* MockTaobaoUITestsLaunchTests.swift */ = {isa = PBXFileReference; lastKnownFileType = sourcecode.swift; path = MockTaobaoUITestsLaunchTests.swift; sourceTree = "<group>"; };
		D6C8DE842B1FEFE20081F75C /* SubscriptionView.swift */ = {isa = PBXFileReference; lastKnownFileType = sourcecode.swift; path = SubscriptionView.swift; sourceTree = "<group>"; };
		D6C8DE862B1FEFFC0081F75C /* RecommendationView.swift */ = {isa = PBXFileReference; lastKnownFileType = sourcecode.swift; path = RecommendationView.swift; sourceTree = "<group>"; };
		D6C8DE8A2B1FF81D0081F75C /* TaoPageTabBar.swift */ = {isa = PBXFileReference; lastKnownFileType = sourcecode.swift; path = TaoPageTabBar.swift; sourceTree = "<group>"; };
		D6C8DE8C2B1FF8E40081F75C /* MainTabBarButton.swift */ = {isa = PBXFileReference; lastKnownFileType = sourcecode.swift; path = MainTabBarButton.swift; sourceTree = "<group>"; };
		D6C8DE8E2B1FFAF20081F75C /* MainIconButton.swift */ = {isa = PBXFileReference; lastKnownFileType = sourcecode.swift; path = MainIconButton.swift; sourceTree = "<group>"; };
		D6C8DE922B204C270081F75C /* SearchBar.swift */ = {isa = PBXFileReference; lastKnownFileType = sourcecode.swift; path = SearchBar.swift; sourceTree = "<group>"; };
		D6C8DE942B20536B0081F75C /* TypeTabsScrollView.swift */ = {isa = PBXFileReference; lastKnownFileType = sourcecode.swift; path = TypeTabsScrollView.swift; sourceTree = "<group>"; };
		D6C8DE972B2057D70081F75C /* MiniAppData.swift */ = {isa = PBXFileReference; lastKnownFileType = sourcecode.swift; path = MiniAppData.swift; sourceTree = "<group>"; };
		D6C8DE992B2058E10081F75C /* MiniAppScrollView.swift */ = {isa = PBXFileReference; lastKnownFileType = sourcecode.swift; path = MiniAppScrollView.swift; sourceTree = "<group>"; };
		D6C8DE9C2B21A0FA0081F75C /* ItemGridView.swift */ = {isa = PBXFileReference; lastKnownFileType = sourcecode.swift; path = ItemGridView.swift; sourceTree = "<group>"; };
		D6C8DE9E2B21A1CB0081F75C /* ItemGalleryView.swift */ = {isa = PBXFileReference; lastKnownFileType = sourcecode.swift; path = ItemGalleryView.swift; sourceTree = "<group>"; };
		D6C8DEA42B21AA6B0081F75C /* ItemAdGridTile.swift */ = {isa = PBXFileReference; lastKnownFileType = sourcecode.swift; path = ItemAdGridTile.swift; sourceTree = "<group>"; };
		D6C8DEA72B2293AE0081F75C /* ItemGridTile.swift */ = {isa = PBXFileReference; lastKnownFileType = sourcecode.swift; path = ItemGridTile.swift; sourceTree = "<group>"; };
		D6C8DEAB2B229DE20081F75C /* gifgif.gif */ = {isa = PBXFileReference; lastKnownFileType = image.gif; path = gifgif.gif; sourceTree = "<group>"; };
		D6C8DEAC2B229DE30081F75C /* video3.mp4 */ = {isa = PBXFileReference; lastKnownFileType = file; path = video3.mp4; sourceTree = "<group>"; };
		D6C8DEAF2B229E2B0081F75C /* VideoView.swift */ = {isa = PBXFileReference; lastKnownFileType = sourcecode.swift; path = VideoView.swift; sourceTree = "<group>"; };
		D6C8DEB12B22A6B40081F75C /* ItemGridViewModel.swift */ = {isa = PBXFileReference; lastKnownFileType = sourcecode.swift; path = ItemGridViewModel.swift; sourceTree = "<group>"; };
		D6C8DEB42B22AF860081F75C /* ItemDetailPage.swift */ = {isa = PBXFileReference; lastKnownFileType = sourcecode.swift; path = ItemDetailPage.swift; sourceTree = "<group>"; };
		D6C8DEB62B22AF9E0081F75C /* ItemDetailBar.swift */ = {isa = PBXFileReference; lastKnownFileType = sourcecode.swift; path = ItemDetailBar.swift; sourceTree = "<group>"; };
		D6C8DEB82B22B1A80081F75C /* ItemDetailTabBar.swift */ = {isa = PBXFileReference; lastKnownFileType = sourcecode.swift; path = ItemDetailTabBar.swift; sourceTree = "<group>"; };
		D6C8DEBB2B22B1EC0081F75C /* ItemDetailGalleryView.swift */ = {isa = PBXFileReference; lastKnownFileType = sourcecode.swift; path = ItemDetailGalleryView.swift; sourceTree = "<group>"; };
		D6C8DEBD2B22BA120081F75C /* ItemDetailView.swift */ = {isa = PBXFileReference; lastKnownFileType = sourcecode.swift; path = ItemDetailView.swift; sourceTree = "<group>"; };
		D6C8DEBF2B22BCFE0081F75C /* ItemDetailPriceTagView.swift */ = {isa = PBXFileReference; lastKnownFileType = sourcecode.swift; path = ItemDetailPriceTagView.swift; sourceTree = "<group>"; };
		D6C8DEC12B22CF610081F75C /* ItemDetailDescriptionView.swift */ = {isa = PBXFileReference; lastKnownFileType = sourcecode.swift; path = ItemDetailDescriptionView.swift; sourceTree = "<group>"; };
		D6C8DEC32B22D64C0081F75C /* ItemDetailBottomBar.swift */ = {isa = PBXFileReference; lastKnownFileType = sourcecode.swift; path = ItemDetailBottomBar.swift; sourceTree = "<group>"; };
		D6C8DEC52B22D96B0081F75C /* ItemDetailReviewView.swift */ = {isa = PBXFileReference; lastKnownFileType = sourcecode.swift; path = ItemDetailReviewView.swift; sourceTree = "<group>"; };
		D6C8DEC72B22DFDA0081F75C /* ItemDetailAskView.swift */ = {isa = PBXFileReference; lastKnownFileType = sourcecode.swift; path = ItemDetailAskView.swift; sourceTree = "<group>"; };
		D6C8DEC92B22E0E70081F75C /* ItemDetailShopInfo.swift */ = {isa = PBXFileReference; lastKnownFileType = sourcecode.swift; path = ItemDetailShopInfo.swift; sourceTree = "<group>"; };
		D6C8DECB2B22EFFF0081F75C /* ItemDetailRecommentationView.swift */ = {isa = PBXFileReference; lastKnownFileType = sourcecode.swift; path = ItemDetailRecommentationView.swift; sourceTree = "<group>"; };
		D6C8DECD2B22F2900081F75C /* ItemDetailFlyers.swift */ = {isa = PBXFileReference; lastKnownFileType = sourcecode.swift; path = ItemDetailFlyers.swift; sourceTree = "<group>"; };
		D6C8DECF2B22F53C0081F75C /* MainPageView.swift */ = {isa = PBXFileReference; lastKnownFileType = sourcecode.swift; path = MainPageView.swift; sourceTree = "<group>"; };
		D6C8DED12B22F7A00081F75C /* ExplorePageView.swift */ = {isa = PBXFileReference; lastKnownFileType = sourcecode.swift; path = ExplorePageView.swift; sourceTree = "<group>"; };
		D6C8DED32B22F7B80081F75C /* MessagePageView.swift */ = {isa = PBXFileReference; lastKnownFileType = sourcecode.swift; path = MessagePageView.swift; sourceTree = "<group>"; };
/* End PBXFileReference section */

/* Begin PBXFrameworksBuildPhase section */
		D6C8DE512B1FEFAA0081F75C /* Frameworks */ = {
			isa = PBXFrameworksBuildPhase;
			buildActionMask = 2147483647;
			files = (
				86078C1A947981B998235EBC /* Pods_MockTaobao.framework in Frameworks */,
			);
			runOnlyForDeploymentPostprocessing = 0;
		};
		D6C8DE622B1FEFAC0081F75C /* Frameworks */ = {
			isa = PBXFrameworksBuildPhase;
			buildActionMask = 2147483647;
			files = (
				AEF79E46D0040ED915D55149 /* Pods_MockTaobaoTests.framework in Frameworks */,
			);
			runOnlyForDeploymentPostprocessing = 0;
		};
		D6C8DE6C2B1FEFAC0081F75C /* Frameworks */ = {
			isa = PBXFrameworksBuildPhase;
			buildActionMask = 2147483647;
			files = (
				5F14ACABC3C085E6840B41E2 /* Pods_MockTaobao_MockTaobaoUITests.framework in Frameworks */,
			);
			runOnlyForDeploymentPostprocessing = 0;
		};
/* End PBXFrameworksBuildPhase section */

/* Begin PBXGroup section */
		886A945BB2F28069F74BA7E2 /* Pods */ = {
			isa = PBXGroup;
			children = (
				B143F5D69E550D0EEF322F23 /* Pods-MockTaobao.debug.xcconfig */,
				83615EAE5F2A9AF06D74BD44 /* Pods-MockTaobao.release.xcconfig */,
				A0EC21D9AF10A6E50751D2E6 /* Pods-MockTaobao-MockTaobaoUITests.debug.xcconfig */,
				CC1247FB516766A0258F9B27 /* Pods-MockTaobao-MockTaobaoUITests.release.xcconfig */,
				30095256687BB76FC09CE10B /* Pods-MockTaobaoTests.debug.xcconfig */,
				9975BD9DCF74327CDB78E922 /* Pods-MockTaobaoTests.release.xcconfig */,
			);
			path = Pods;
			sourceTree = "<group>";
		};
		D6C8DE4B2B1FEFAA0081F75C = {
			isa = PBXGroup;
			children = (
				D6C8DE562B1FEFAA0081F75C /* MockTaobao */,
				D6C8DE682B1FEFAC0081F75C /* MockTaobaoTests */,
				D6C8DE722B1FEFAC0081F75C /* MockTaobaoUITests */,
				D6C8DE552B1FEFAA0081F75C /* Products */,
				886A945BB2F28069F74BA7E2 /* Pods */,
				D83225D0A8EAD1064970158A /* Frameworks */,
			);
			sourceTree = "<group>";
		};
		D6C8DE552B1FEFAA0081F75C /* Products */ = {
			isa = PBXGroup;
			children = (
				D6C8DE542B1FEFAA0081F75C /* MockTaobao.app */,
				D6C8DE652B1FEFAC0081F75C /* MockTaobaoTests.xctest */,
				D6C8DE6F2B1FEFAC0081F75C /* MockTaobaoUITests.xctest */,
			);
			name = Products;
			sourceTree = "<group>";
		};
		D6C8DE562B1FEFAA0081F75C /* MockTaobao */ = {
			isa = PBXGroup;
			children = (
				D6C8DEB32B22AF730081F75C /* Detail */,
				D6C8DE832B1FEFD10081F75C /* Recommendation */,
				D6C8DE822B1FEFC50081F75C /* Subscription */,
				D6C8DE572B1FEFAA0081F75C /* MockTaobaoApp.swift */,
				D6C8DECF2B22F53C0081F75C /* MainPageView.swift */,
				D6C8DE592B1FEFAA0081F75C /* TaoPageView.swift */,
				D6C8DED12B22F7A00081F75C /* ExplorePageView.swift */,
				D6C8DED32B22F7B80081F75C /* MessagePageView.swift */,
				D6AB81FC2B22F7F90081AB8F /* CartPageView.swift */,
				D6AB81FE2B22F80A0081AB8F /* MyPageView.swift */,
				D6C8DE5B2B1FEFAB0081F75C /* Assets.xcassets */,
				D6C8DE5D2B1FEFAB0081F75C /* MockTaobao.entitlements */,
				D6C8DE5E2B1FEFAB0081F75C /* Preview Content */,
				D607FEC42B8E134B0097D478 /* UserSettings.swift */,
			);
			path = MockTaobao;
			sourceTree = "<group>";
		};
		D6C8DE5E2B1FEFAB0081F75C /* Preview Content */ = {
			isa = PBXGroup;
			children = (
				D6C8DE5F2B1FEFAB0081F75C /* Preview Assets.xcassets */,
			);
			path = "Preview Content";
			sourceTree = "<group>";
		};
		D6C8DE682B1FEFAC0081F75C /* MockTaobaoTests */ = {
			isa = PBXGroup;
			children = (
				D6C8DE692B1FEFAC0081F75C /* MockTaobaoTests.swift */,
			);
			path = MockTaobaoTests;
			sourceTree = "<group>";
		};
		D6C8DE722B1FEFAC0081F75C /* MockTaobaoUITests */ = {
			isa = PBXGroup;
			children = (
				D6C8DE732B1FEFAC0081F75C /* MockTaobaoUITests.swift */,
				D6C8DE752B1FEFAC0081F75C /* MockTaobaoUITestsLaunchTests.swift */,
			);
			path = MockTaobaoUITests;
			sourceTree = "<group>";
		};
		D6C8DE822B1FEFC50081F75C /* Subscription */ = {
			isa = PBXGroup;
			children = (
				D6C8DE842B1FEFE20081F75C /* SubscriptionView.swift */,
			);
			path = Subscription;
			sourceTree = "<group>";
		};
		D6C8DE832B1FEFD10081F75C /* Recommendation */ = {
			isa = PBXGroup;
			children = (
				D6C8DE892B1FF80B0081F75C /* TopTab */,
				D6C8DE9B2B21A0E10081F75C /* ItemGridView */,
				D6C8DE862B1FEFFC0081F75C /* RecommendationView.swift */,
				D6C8DE922B204C270081F75C /* SearchBar.swift */,
				D6C8DE942B20536B0081F75C /* TypeTabsScrollView.swift */,
				D6C8DE962B2057860081F75C /* MiniApp */,
			);
			path = Recommendation;
			sourceTree = "<group>";
		};
		D6C8DE892B1FF80B0081F75C /* TopTab */ = {
			isa = PBXGroup;
			children = (
				D6C8DE8A2B1FF81D0081F75C /* TaoPageTabBar.swift */,
				D6C8DE8E2B1FFAF20081F75C /* MainIconButton.swift */,
				D6C8DE8C2B1FF8E40081F75C /* MainTabBarButton.swift */,
			);
			path = TopTab;
			sourceTree = "<group>";
		};
		D6C8DE962B2057860081F75C /* MiniApp */ = {
			isa = PBXGroup;
			children = (
				D6C8DE972B2057D70081F75C /* MiniAppData.swift */,
				D6C8DE992B2058E10081F75C /* MiniAppScrollView.swift */,
			);
			path = MiniApp;
			sourceTree = "<group>";
		};
		D6C8DE9B2B21A0E10081F75C /* ItemGridView */ = {
			isa = PBXGroup;
			children = (
				D6C8DE9C2B21A0FA0081F75C /* ItemGridView.swift */,
				D6C8DEB12B22A6B40081F75C /* ItemGridViewModel.swift */,
				D6C8DEA42B21AA6B0081F75C /* ItemAdGridTile.swift */,
				D6C8DEA72B2293AE0081F75C /* ItemGridTile.swift */,
				D6C8DEAF2B229E2B0081F75C /* VideoView.swift */,
				D6C8DEAB2B229DE20081F75C /* gifgif.gif */,
				D6C8DEAC2B229DE30081F75C /* video3.mp4 */,
				D6C8DE9E2B21A1CB0081F75C /* ItemGalleryView.swift */,
			);
			path = ItemGridView;
			sourceTree = "<group>";
		};
		D6C8DEB32B22AF730081F75C /* Detail */ = {
			isa = PBXGroup;
			children = (
				D6C8DEB42B22AF860081F75C /* ItemDetailPage.swift */,
				D6C8DEC32B22D64C0081F75C /* ItemDetailBottomBar.swift */,
				D6C8DEBA2B22B1D80081F75C /* ItemDetailView */,
				D6C8DEB62B22AF9E0081F75C /* ItemDetailBar.swift */,
				D6C8DEB82B22B1A80081F75C /* ItemDetailTabBar.swift */,
			);
			path = Detail;
			sourceTree = "<group>";
		};
		D6C8DEBA2B22B1D80081F75C /* ItemDetailView */ = {
			isa = PBXGroup;
			children = (
				D6C8DEBB2B22B1EC0081F75C /* ItemDetailGalleryView.swift */,
				D6C8DEBD2B22BA120081F75C /* ItemDetailView.swift */,
				D6C8DECD2B22F2900081F75C /* ItemDetailFlyers.swift */,
				D6C8DEC92B22E0E70081F75C /* ItemDetailShopInfo.swift */,
				D6C8DECB2B22EFFF0081F75C /* ItemDetailRecommentationView.swift */,
				D6C8DEBF2B22BCFE0081F75C /* ItemDetailPriceTagView.swift */,
				D6C8DEC12B22CF610081F75C /* ItemDetailDescriptionView.swift */,
				D6C8DEC52B22D96B0081F75C /* ItemDetailReviewView.swift */,
				D6C8DEC72B22DFDA0081F75C /* ItemDetailAskView.swift */,
			);
			path = ItemDetailView;
			sourceTree = "<group>";
		};
		D83225D0A8EAD1064970158A /* Frameworks */ = {
			isa = PBXGroup;
			children = (
				0DACCD98419B544CE41DBB7C /* Pods_MockTaobao.framework */,
				09AC21C066C122EABEB88A81 /* Pods_MockTaobao_MockTaobaoUITests.framework */,
				3492B9EFC2728F7BD9176C61 /* Pods_MockTaobaoTests.framework */,
			);
			name = Frameworks;
			sourceTree = "<group>";
		};
/* End PBXGroup section */

/* Begin PBXNativeTarget section */
		D6C8DE532B1FEFAA0081F75C /* MockTaobao */ = {
			isa = PBXNativeTarget;
			buildConfigurationList = D6C8DE792B1FEFAC0081F75C /* Build configuration list for PBXNativeTarget "MockTaobao" */;
			buildPhases = (
				B52271D8DAAD8C1E8CC86258 /* [CP] Check Pods Manifest.lock */,
				D6C8DE502B1FEFAA0081F75C /* Sources */,
				D6C8DE512B1FEFAA0081F75C /* Frameworks */,
				D6C8DE522B1FEFAA0081F75C /* Resources */,
				7489D6F783C3A3E5EC1CDFEF /* [CP] Embed Pods Frameworks */,
			);
			buildRules = (
			);
			dependencies = (
			);
			name = MockTaobao;
			productName = MockTaobao;
			productReference = D6C8DE542B1FEFAA0081F75C /* MockTaobao.app */;
			productType = "com.apple.product-type.application";
		};
		D6C8DE642B1FEFAC0081F75C /* MockTaobaoTests */ = {
			isa = PBXNativeTarget;
			buildConfigurationList = D6C8DE7C2B1FEFAC0081F75C /* Build configuration list for PBXNativeTarget "MockTaobaoTests" */;
			buildPhases = (
				B2B6C46EF2C7C220C563FA80 /* [CP] Check Pods Manifest.lock */,
				D6C8DE612B1FEFAC0081F75C /* Sources */,
				D6C8DE622B1FEFAC0081F75C /* Frameworks */,
				D6C8DE632B1FEFAC0081F75C /* Resources */,
			);
			buildRules = (
			);
			dependencies = (
				D6C8DE672B1FEFAC0081F75C /* PBXTargetDependency */,
			);
			name = MockTaobaoTests;
			productName = MockTaobaoTests;
			productReference = D6C8DE652B1FEFAC0081F75C /* MockTaobaoTests.xctest */;
			productType = "com.apple.product-type.bundle.unit-test";
		};
		D6C8DE6E2B1FEFAC0081F75C /* MockTaobaoUITests */ = {
			isa = PBXNativeTarget;
			buildConfigurationList = D6C8DE7F2B1FEFAC0081F75C /* Build configuration list for PBXNativeTarget "MockTaobaoUITests" */;
			buildPhases = (
				F38F7BE02A09411BD755DAC4 /* [CP] Check Pods Manifest.lock */,
				D6C8DE6B2B1FEFAC0081F75C /* Sources */,
				D6C8DE6C2B1FEFAC0081F75C /* Frameworks */,
				D6C8DE6D2B1FEFAC0081F75C /* Resources */,
				6C2A49430C8EA13CCCAC8F7E /* [CP] Embed Pods Frameworks */,
			);
			buildRules = (
			);
			dependencies = (
				D6C8DE712B1FEFAC0081F75C /* PBXTargetDependency */,
			);
			name = MockTaobaoUITests;
			productName = MockTaobaoUITests;
			productReference = D6C8DE6F2B1FEFAC0081F75C /* MockTaobaoUITests.xctest */;
			productType = "com.apple.product-type.bundle.ui-testing";
		};
/* End PBXNativeTarget section */

/* Begin PBXProject section */
		D6C8DE4C2B1FEFAA0081F75C /* Project object */ = {
			isa = PBXProject;
			attributes = {
				BuildIndependentTargetsInParallel = 1;
				LastSwiftUpdateCheck = 1500;
				LastUpgradeCheck = 1500;
				TargetAttributes = {
					D6C8DE532B1FEFAA0081F75C = {
						CreatedOnToolsVersion = 15.0.1;
					};
					D6C8DE642B1FEFAC0081F75C = {
						CreatedOnToolsVersion = 15.0.1;
						TestTargetID = D6C8DE532B1FEFAA0081F75C;
					};
					D6C8DE6E2B1FEFAC0081F75C = {
						CreatedOnToolsVersion = 15.0.1;
						TestTargetID = D6C8DE532B1FEFAA0081F75C;
					};
				};
			};
			buildConfigurationList = D6C8DE4F2B1FEFAA0081F75C /* Build configuration list for PBXProject "MockTaobao" */;
			compatibilityVersion = "Xcode 14.0";
			developmentRegion = en;
			hasScannedForEncodings = 0;
			knownRegions = (
				en,
				Base,
			);
			mainGroup = D6C8DE4B2B1FEFAA0081F75C;
			productRefGroup = D6C8DE552B1FEFAA0081F75C /* Products */;
			projectDirPath = "";
			projectRoot = "";
			targets = (
				D6C8DE532B1FEFAA0081F75C /* MockTaobao */,
				D6C8DE642B1FEFAC0081F75C /* MockTaobaoTests */,
				D6C8DE6E2B1FEFAC0081F75C /* MockTaobaoUITests */,
			);
		};
/* End PBXProject section */

/* Begin PBXResourcesBuildPhase section */
		D6C8DE522B1FEFAA0081F75C /* Resources */ = {
			isa = PBXResourcesBuildPhase;
			buildActionMask = 2147483647;
			files = (
				D6C8DE602B1FEFAB0081F75C /* Preview Assets.xcassets in Resources */,
				D6C8DE5C2B1FEFAB0081F75C /* Assets.xcassets in Resources */,
				D6C8DEAD2B229DE30081F75C /* gifgif.gif in Resources */,
				D6C8DEAE2B229DE30081F75C /* video3.mp4 in Resources */,
			);
			runOnlyForDeploymentPostprocessing = 0;
		};
		D6C8DE632B1FEFAC0081F75C /* Resources */ = {
			isa = PBXResourcesBuildPhase;
			buildActionMask = 2147483647;
			files = (
			);
			runOnlyForDeploymentPostprocessing = 0;
		};
		D6C8DE6D2B1FEFAC0081F75C /* Resources */ = {
			isa = PBXResourcesBuildPhase;
			buildActionMask = 2147483647;
			files = (
			);
			runOnlyForDeploymentPostprocessing = 0;
		};
/* End PBXResourcesBuildPhase section */

/* Begin PBXShellScriptBuildPhase section */
		6C2A49430C8EA13CCCAC8F7E /* [CP] Embed Pods Frameworks */ = {
			isa = PBXShellScriptBuildPhase;
			buildActionMask = 2147483647;
			files = (
			);
			inputFileListPaths = (
				"${PODS_ROOT}/Target Support Files/Pods-MockTaobao-MockTaobaoUITests/Pods-MockTaobao-MockTaobaoUITests-frameworks-${CONFIGURATION}-input-files.xcfilelist",
			);
			name = "[CP] Embed Pods Frameworks";
			outputFileListPaths = (
				"${PODS_ROOT}/Target Support Files/Pods-MockTaobao-MockTaobaoUITests/Pods-MockTaobao-MockTaobaoUITests-frameworks-${CONFIGURATION}-output-files.xcfilelist",
			);
			runOnlyForDeploymentPostprocessing = 0;
			shellPath = /bin/sh;
			shellScript = "\"${PODS_ROOT}/Target Support Files/Pods-MockTaobao-MockTaobaoUITests/Pods-MockTaobao-MockTaobaoUITests-frameworks.sh\"\n";
			showEnvVarsInLog = 0;
		};
		7489D6F783C3A3E5EC1CDFEF /* [CP] Embed Pods Frameworks */ = {
			isa = PBXShellScriptBuildPhase;
			buildActionMask = 2147483647;
			files = (
			);
			inputFileListPaths = (
				"${PODS_ROOT}/Target Support Files/Pods-MockTaobao/Pods-MockTaobao-frameworks-${CONFIGURATION}-input-files.xcfilelist",
			);
			name = "[CP] Embed Pods Frameworks";
			outputFileListPaths = (
				"${PODS_ROOT}/Target Support Files/Pods-MockTaobao/Pods-MockTaobao-frameworks-${CONFIGURATION}-output-files.xcfilelist",
			);
			runOnlyForDeploymentPostprocessing = 0;
			shellPath = /bin/sh;
			shellScript = "\"${PODS_ROOT}/Target Support Files/Pods-MockTaobao/Pods-MockTaobao-frameworks.sh\"\n";
			showEnvVarsInLog = 0;
		};
		B2B6C46EF2C7C220C563FA80 /* [CP] Check Pods Manifest.lock */ = {
			isa = PBXShellScriptBuildPhase;
			buildActionMask = 2147483647;
			files = (
			);
			inputFileListPaths = (
			);
			inputPaths = (
				"${PODS_PODFILE_DIR_PATH}/Podfile.lock",
				"${PODS_ROOT}/Manifest.lock",
			);
			name = "[CP] Check Pods Manifest.lock";
			outputFileListPaths = (
			);
			outputPaths = (
				"$(DERIVED_FILE_DIR)/Pods-MockTaobaoTests-checkManifestLockResult.txt",
			);
			runOnlyForDeploymentPostprocessing = 0;
			shellPath = /bin/sh;
			shellScript = "diff \"${PODS_PODFILE_DIR_PATH}/Podfile.lock\" \"${PODS_ROOT}/Manifest.lock\" > /dev/null\nif [ $? != 0 ] ; then\n    # print error to STDERR\n    echo \"error: The sandbox is not in sync with the Podfile.lock. Run 'pod install' or update your CocoaPods installation.\" >&2\n    exit 1\nfi\n# This output is used by Xcode 'outputs' to avoid re-running this script phase.\necho \"SUCCESS\" > \"${SCRIPT_OUTPUT_FILE_0}\"\n";
			showEnvVarsInLog = 0;
		};
		B52271D8DAAD8C1E8CC86258 /* [CP] Check Pods Manifest.lock */ = {
			isa = PBXShellScriptBuildPhase;
			buildActionMask = 2147483647;
			files = (
			);
			inputFileListPaths = (
			);
			inputPaths = (
				"${PODS_PODFILE_DIR_PATH}/Podfile.lock",
				"${PODS_ROOT}/Manifest.lock",
			);
			name = "[CP] Check Pods Manifest.lock";
			outputFileListPaths = (
			);
			outputPaths = (
				"$(DERIVED_FILE_DIR)/Pods-MockTaobao-checkManifestLockResult.txt",
			);
			runOnlyForDeploymentPostprocessing = 0;
			shellPath = /bin/sh;
			shellScript = "diff \"${PODS_PODFILE_DIR_PATH}/Podfile.lock\" \"${PODS_ROOT}/Manifest.lock\" > /dev/null\nif [ $? != 0 ] ; then\n    # print error to STDERR\n    echo \"error: The sandbox is not in sync with the Podfile.lock. Run 'pod install' or update your CocoaPods installation.\" >&2\n    exit 1\nfi\n# This output is used by Xcode 'outputs' to avoid re-running this script phase.\necho \"SUCCESS\" > \"${SCRIPT_OUTPUT_FILE_0}\"\n";
			showEnvVarsInLog = 0;
		};
		F38F7BE02A09411BD755DAC4 /* [CP] Check Pods Manifest.lock */ = {
			isa = PBXShellScriptBuildPhase;
			buildActionMask = 2147483647;
			files = (
			);
			inputFileListPaths = (
			);
			inputPaths = (
				"${PODS_PODFILE_DIR_PATH}/Podfile.lock",
				"${PODS_ROOT}/Manifest.lock",
			);
			name = "[CP] Check Pods Manifest.lock";
			outputFileListPaths = (
			);
			outputPaths = (
				"$(DERIVED_FILE_DIR)/Pods-MockTaobao-MockTaobaoUITests-checkManifestLockResult.txt",
			);
			runOnlyForDeploymentPostprocessing = 0;
			shellPath = /bin/sh;
			shellScript = "diff \"${PODS_PODFILE_DIR_PATH}/Podfile.lock\" \"${PODS_ROOT}/Manifest.lock\" > /dev/null\nif [ $? != 0 ] ; then\n    # print error to STDERR\n    echo \"error: The sandbox is not in sync with the Podfile.lock. Run 'pod install' or update your CocoaPods installation.\" >&2\n    exit 1\nfi\n# This output is used by Xcode 'outputs' to avoid re-running this script phase.\necho \"SUCCESS\" > \"${SCRIPT_OUTPUT_FILE_0}\"\n";
			showEnvVarsInLog = 0;
		};
/* End PBXShellScriptBuildPhase section */

/* Begin PBXSourcesBuildPhase section */
		D6C8DE502B1FEFAA0081F75C /* Sources */ = {
			isa = PBXSourcesBuildPhase;
			buildActionMask = 2147483647;
			files = (
				D6C8DE5A2B1FEFAA0081F75C /* TaoPageView.swift in Sources */,
				D6C8DE952B20536B0081F75C /* TypeTabsScrollView.swift in Sources */,
				D6C8DECE2B22F2900081F75C /* ItemDetailFlyers.swift in Sources */,
				D6C8DE9A2B2058E10081F75C /* MiniAppScrollView.swift in Sources */,
				D6C8DEC82B22DFDA0081F75C /* ItemDetailAskView.swift in Sources */,
				D6C8DE982B2057D70081F75C /* MiniAppData.swift in Sources */,
				D6C8DEC62B22D96B0081F75C /* ItemDetailReviewView.swift in Sources */,
				D6AB81FF2B22F80A0081AB8F /* MyPageView.swift in Sources */,
				D6C8DED22B22F7A00081F75C /* ExplorePageView.swift in Sources */,
				D6C8DED02B22F53C0081F75C /* MainPageView.swift in Sources */,
				D6C8DE582B1FEFAA0081F75C /* MockTaobaoApp.swift in Sources */,
				D6C8DEC42B22D64C0081F75C /* ItemDetailBottomBar.swift in Sources */,
				D6C8DE9D2B21A0FA0081F75C /* ItemGridView.swift in Sources */,
				D607FEC52B8E134B0097D478 /* UserSettings.swift in Sources */,
				D6C8DE8B2B1FF81D0081F75C /* TaoPageTabBar.swift in Sources */,
				D6C8DE852B1FEFE20081F75C /* SubscriptionView.swift in Sources */,
				D6C8DE8F2B1FFAF20081F75C /* MainIconButton.swift in Sources */,
				D6AB81FD2B22F7F90081AB8F /* CartPageView.swift in Sources */,
				D6C8DEBC2B22B1EC0081F75C /* ItemDetailGalleryView.swift in Sources */,
				D6C8DE932B204C270081F75C /* SearchBar.swift in Sources */,
				D6C8DEB72B22AF9E0081F75C /* ItemDetailBar.swift in Sources */,
				D6C8DEA82B2293AE0081F75C /* ItemGridTile.swift in Sources */,
				D6C8DEC02B22BCFE0081F75C /* ItemDetailPriceTagView.swift in Sources */,
				D6C8DEA52B21AA6C0081F75C /* ItemAdGridTile.swift in Sources */,
				D6C8DEBE2B22BA120081F75C /* ItemDetailView.swift in Sources */,
				D6C8DEB52B22AF860081F75C /* ItemDetailPage.swift in Sources */,
				D6C8DEB02B229E2B0081F75C /* VideoView.swift in Sources */,
				D6C8DEB92B22B1A80081F75C /* ItemDetailTabBar.swift in Sources */,
				D6C8DECC2B22EFFF0081F75C /* ItemDetailRecommentationView.swift in Sources */,
				D6C8DEC22B22CF610081F75C /* ItemDetailDescriptionView.swift in Sources */,
				D6C8DE8D2B1FF8E40081F75C /* MainTabBarButton.swift in Sources */,
				D6C8DED42B22F7B80081F75C /* MessagePageView.swift in Sources */,
				D6C8DEB22B22A6B40081F75C /* ItemGridViewModel.swift in Sources */,
				D6C8DE9F2B21A1CB0081F75C /* ItemGalleryView.swift in Sources */,
				D6C8DE872B1FEFFC0081F75C /* RecommendationView.swift in Sources */,
				D6C8DECA2B22E0E70081F75C /* ItemDetailShopInfo.swift in Sources */,
			);
			runOnlyForDeploymentPostprocessing = 0;
		};
		D6C8DE612B1FEFAC0081F75C /* Sources */ = {
			isa = PBXSourcesBuildPhase;
			buildActionMask = 2147483647;
			files = (
				D6C8DE6A2B1FEFAC0081F75C /* MockTaobaoTests.swift in Sources */,
			);
			runOnlyForDeploymentPostprocessing = 0;
		};
		D6C8DE6B2B1FEFAC0081F75C /* Sources */ = {
			isa = PBXSourcesBuildPhase;
			buildActionMask = 2147483647;
			files = (
				D6C8DE762B1FEFAC0081F75C /* MockTaobaoUITestsLaunchTests.swift in Sources */,
				D6C8DE742B1FEFAC0081F75C /* MockTaobaoUITests.swift in Sources */,
			);
			runOnlyForDeploymentPostprocessing = 0;
		};
/* End PBXSourcesBuildPhase section */

/* Begin PBXTargetDependency section */
		D6C8DE672B1FEFAC0081F75C /* PBXTargetDependency */ = {
			isa = PBXTargetDependency;
			target = D6C8DE532B1FEFAA0081F75C /* MockTaobao */;
			targetProxy = D6C8DE662B1FEFAC0081F75C /* PBXContainerItemProxy */;
		};
		D6C8DE712B1FEFAC0081F75C /* PBXTargetDependency */ = {
			isa = PBXTargetDependency;
			target = D6C8DE532B1FEFAA0081F75C /* MockTaobao */;
			targetProxy = D6C8DE702B1FEFAC0081F75C /* PBXContainerItemProxy */;
		};
/* End PBXTargetDependency section */

/* Begin XCBuildConfiguration section */
		D6C8DE772B1FEFAC0081F75C /* Debug */ = {
			isa = XCBuildConfiguration;
			buildSettings = {
				ALWAYS_SEARCH_USER_PATHS = NO;
				ASSETCATALOG_COMPILER_GENERATE_SWIFT_ASSET_SYMBOL_EXTENSIONS = YES;
				CLANG_ANALYZER_NONNULL = YES;
				CLANG_ANALYZER_NUMBER_OBJECT_CONVERSION = YES_AGGRESSIVE;
				CLANG_CXX_LANGUAGE_STANDARD = "gnu++20";
				CLANG_ENABLE_MODULES = YES;
				CLANG_ENABLE_OBJC_ARC = YES;
				CLANG_ENABLE_OBJC_WEAK = YES;
				CLANG_WARN_BLOCK_CAPTURE_AUTORELEASING = YES;
				CLANG_WARN_BOOL_CONVERSION = YES;
				CLANG_WARN_COMMA = YES;
				CLANG_WARN_CONSTANT_CONVERSION = YES;
				CLANG_WARN_DEPRECATED_OBJC_IMPLEMENTATIONS = YES;
				CLANG_WARN_DIRECT_OBJC_ISA_USAGE = YES_ERROR;
				CLANG_WARN_DOCUMENTATION_COMMENTS = YES;
				CLANG_WARN_EMPTY_BODY = YES;
				CLANG_WARN_ENUM_CONVERSION = YES;
				CLANG_WARN_INFINITE_RECURSION = YES;
				CLANG_WARN_INT_CONVERSION = YES;
				CLANG_WARN_NON_LITERAL_NULL_CONVERSION = YES;
				CLANG_WARN_OBJC_IMPLICIT_RETAIN_SELF = YES;
				CLANG_WARN_OBJC_LITERAL_CONVERSION = YES;
				CLANG_WARN_OBJC_ROOT_CLASS = YES_ERROR;
				CLANG_WARN_QUOTED_INCLUDE_IN_FRAMEWORK_HEADER = YES;
				CLANG_WARN_RANGE_LOOP_ANALYSIS = YES;
				CLANG_WARN_STRICT_PROTOTYPES = YES;
				CLANG_WARN_SUSPICIOUS_MOVE = YES;
				CLANG_WARN_UNGUARDED_AVAILABILITY = YES_AGGRESSIVE;
				CLANG_WARN_UNREACHABLE_CODE = YES;
				CLANG_WARN__DUPLICATE_METHOD_MATCH = YES;
				COPY_PHASE_STRIP = NO;
				DEBUG_INFORMATION_FORMAT = dwarf;
				ENABLE_STRICT_OBJC_MSGSEND = YES;
				ENABLE_TESTABILITY = YES;
				ENABLE_USER_SCRIPT_SANDBOXING = NO;
				GCC_C_LANGUAGE_STANDARD = gnu17;
				GCC_DYNAMIC_NO_PIC = NO;
				GCC_NO_COMMON_BLOCKS = YES;
				GCC_OPTIMIZATION_LEVEL = 0;
				GCC_PREPROCESSOR_DEFINITIONS = (
					"DEBUG=1",
					"$(inherited)",
				);
				GCC_WARN_64_TO_32_BIT_CONVERSION = YES;
				GCC_WARN_ABOUT_RETURN_TYPE = YES_ERROR;
				GCC_WARN_UNDECLARED_SELECTOR = YES;
				GCC_WARN_UNINITIALIZED_AUTOS = YES_AGGRESSIVE;
				GCC_WARN_UNUSED_FUNCTION = YES;
				GCC_WARN_UNUSED_VARIABLE = YES;
				LOCALIZATION_PREFERS_STRING_CATALOGS = YES;
				MTL_ENABLE_DEBUG_INFO = INCLUDE_SOURCE;
				MTL_FAST_MATH = YES;
				ONLY_ACTIVE_ARCH = YES;
				SWIFT_ACTIVE_COMPILATION_CONDITIONS = "DEBUG $(inherited)";
				SWIFT_OPTIMIZATION_LEVEL = "-Onone";
			};
			name = Debug;
		};
		D6C8DE782B1FEFAC0081F75C /* Release */ = {
			isa = XCBuildConfiguration;
			buildSettings = {
				ALWAYS_SEARCH_USER_PATHS = NO;
				ASSETCATALOG_COMPILER_GENERATE_SWIFT_ASSET_SYMBOL_EXTENSIONS = YES;
				CLANG_ANALYZER_NONNULL = YES;
				CLANG_ANALYZER_NUMBER_OBJECT_CONVERSION = YES_AGGRESSIVE;
				CLANG_CXX_LANGUAGE_STANDARD = "gnu++20";
				CLANG_ENABLE_MODULES = YES;
				CLANG_ENABLE_OBJC_ARC = YES;
				CLANG_ENABLE_OBJC_WEAK = YES;
				CLANG_WARN_BLOCK_CAPTURE_AUTORELEASING = YES;
				CLANG_WARN_BOOL_CONVERSION = YES;
				CLANG_WARN_COMMA = YES;
				CLANG_WARN_CONSTANT_CONVERSION = YES;
				CLANG_WARN_DEPRECATED_OBJC_IMPLEMENTATIONS = YES;
				CLANG_WARN_DIRECT_OBJC_ISA_USAGE = YES_ERROR;
				CLANG_WARN_DOCUMENTATION_COMMENTS = YES;
				CLANG_WARN_EMPTY_BODY = YES;
				CLANG_WARN_ENUM_CONVERSION = YES;
				CLANG_WARN_INFINITE_RECURSION = YES;
				CLANG_WARN_INT_CONVERSION = YES;
				CLANG_WARN_NON_LITERAL_NULL_CONVERSION = YES;
				CLANG_WARN_OBJC_IMPLICIT_RETAIN_SELF = YES;
				CLANG_WARN_OBJC_LITERAL_CONVERSION = YES;
				CLANG_WARN_OBJC_ROOT_CLASS = YES_ERROR;
				CLANG_WARN_QUOTED_INCLUDE_IN_FRAMEWORK_HEADER = YES;
				CLANG_WARN_RANGE_LOOP_ANALYSIS = YES;
				CLANG_WARN_STRICT_PROTOTYPES = YES;
				CLANG_WARN_SUSPICIOUS_MOVE = YES;
				CLANG_WARN_UNGUARDED_AVAILABILITY = YES_AGGRESSIVE;
				CLANG_WARN_UNREACHABLE_CODE = YES;
				CLANG_WARN__DUPLICATE_METHOD_MATCH = YES;
				COPY_PHASE_STRIP = NO;
				DEBUG_INFORMATION_FORMAT = "dwarf-with-dsym";
				ENABLE_NS_ASSERTIONS = NO;
				ENABLE_STRICT_OBJC_MSGSEND = YES;
				ENABLE_USER_SCRIPT_SANDBOXING = NO;
				GCC_C_LANGUAGE_STANDARD = gnu17;
				GCC_NO_COMMON_BLOCKS = YES;
				GCC_WARN_64_TO_32_BIT_CONVERSION = YES;
				GCC_WARN_ABOUT_RETURN_TYPE = YES_ERROR;
				GCC_WARN_UNDECLARED_SELECTOR = YES;
				GCC_WARN_UNINITIALIZED_AUTOS = YES_AGGRESSIVE;
				GCC_WARN_UNUSED_FUNCTION = YES;
				GCC_WARN_UNUSED_VARIABLE = YES;
				LOCALIZATION_PREFERS_STRING_CATALOGS = YES;
				MTL_ENABLE_DEBUG_INFO = NO;
				MTL_FAST_MATH = YES;
				SWIFT_COMPILATION_MODE = wholemodule;
			};
			name = Release;
		};
		D6C8DE7A2B1FEFAC0081F75C /* Debug */ = {
			isa = XCBuildConfiguration;
			baseConfigurationReference = B143F5D69E550D0EEF322F23 /* Pods-MockTaobao.debug.xcconfig */;
			buildSettings = {
				ASSETCATALOG_COMPILER_APPICON_NAME = AppIcon;
				ASSETCATALOG_COMPILER_GLOBAL_ACCENT_COLOR_NAME = AccentColor;
				CODE_SIGN_ENTITLEMENTS = MockTaobao/MockTaobao.entitlements;
				CODE_SIGN_STYLE = Automatic;
				CURRENT_PROJECT_VERSION = 1;
				DEVELOPMENT_ASSET_PATHS = "\"MockTaobao/Preview Content\"";
				DEVELOPMENT_TEAM = 355Y8J4TGX;
				ENABLE_HARDENED_RUNTIME = YES;
				ENABLE_PREVIEWS = YES;
				GENERATE_INFOPLIST_FILE = YES;
				"INFOPLIST_KEY_UIApplicationSceneManifest_Generation[sdk=iphoneos*]" = YES;
				"INFOPLIST_KEY_UIApplicationSceneManifest_Generation[sdk=iphonesimulator*]" = YES;
				"INFOPLIST_KEY_UIApplicationSupportsIndirectInputEvents[sdk=iphoneos*]" = YES;
				"INFOPLIST_KEY_UIApplicationSupportsIndirectInputEvents[sdk=iphonesimulator*]" = YES;
				"INFOPLIST_KEY_UILaunchScreen_Generation[sdk=iphoneos*]" = YES;
				"INFOPLIST_KEY_UILaunchScreen_Generation[sdk=iphonesimulator*]" = YES;
				"INFOPLIST_KEY_UIStatusBarStyle[sdk=iphoneos*]" = UIStatusBarStyleDefault;
				"INFOPLIST_KEY_UIStatusBarStyle[sdk=iphonesimulator*]" = UIStatusBarStyleDefault;
				INFOPLIST_KEY_UISupportedInterfaceOrientations_iPad = "UIInterfaceOrientationPortrait UIInterfaceOrientationPortraitUpsideDown UIInterfaceOrientationLandscapeLeft UIInterfaceOrientationLandscapeRight";
				INFOPLIST_KEY_UISupportedInterfaceOrientations_iPhone = "UIInterfaceOrientationPortrait UIInterfaceOrientationLandscapeLeft UIInterfaceOrientationLandscapeRight";
				IPHONEOS_DEPLOYMENT_TARGET = 17.0;
				LD_RUNPATH_SEARCH_PATHS = "@executable_path/Frameworks";
				"LD_RUNPATH_SEARCH_PATHS[sdk=macosx*]" = "@executable_path/../Frameworks";
				MACOSX_DEPLOYMENT_TARGET = 14.0;
				MARKETING_VERSION = 1.0;
				PRODUCT_BUNDLE_IDENTIFIER = com.privoce.MockTaobao;
				PRODUCT_NAME = "$(TARGET_NAME)";
				SDKROOT = auto;
				SUPPORTED_PLATFORMS = "iphoneos iphonesimulator";
				SUPPORTS_MACCATALYST = NO;
				SWIFT_EMIT_LOC_STRINGS = YES;
				SWIFT_VERSION = 5.0;
				TARGETED_DEVICE_FAMILY = "1,2";
			};
			name = Debug;
		};
		D6C8DE7B2B1FEFAC0081F75C /* Release */ = {
			isa = XCBuildConfiguration;
			baseConfigurationReference = 83615EAE5F2A9AF06D74BD44 /* Pods-MockTaobao.release.xcconfig */;
			buildSettings = {
				ASSETCATALOG_COMPILER_APPICON_NAME = AppIcon;
				ASSETCATALOG_COMPILER_GLOBAL_ACCENT_COLOR_NAME = AccentColor;
				CODE_SIGN_ENTITLEMENTS = MockTaobao/MockTaobao.entitlements;
				CODE_SIGN_STYLE = Automatic;
				CURRENT_PROJECT_VERSION = 1;
				DEVELOPMENT_ASSET_PATHS = "\"MockTaobao/Preview Content\"";
				DEVELOPMENT_TEAM = 355Y8J4TGX;
				ENABLE_HARDENED_RUNTIME = YES;
				ENABLE_PREVIEWS = YES;
				GENERATE_INFOPLIST_FILE = YES;
				"INFOPLIST_KEY_UIApplicationSceneManifest_Generation[sdk=iphoneos*]" = YES;
				"INFOPLIST_KEY_UIApplicationSceneManifest_Generation[sdk=iphonesimulator*]" = YES;
				"INFOPLIST_KEY_UIApplicationSupportsIndirectInputEvents[sdk=iphoneos*]" = YES;
				"INFOPLIST_KEY_UIApplicationSupportsIndirectInputEvents[sdk=iphonesimulator*]" = YES;
				"INFOPLIST_KEY_UILaunchScreen_Generation[sdk=iphoneos*]" = YES;
				"INFOPLIST_KEY_UILaunchScreen_Generation[sdk=iphonesimulator*]" = YES;
				"INFOPLIST_KEY_UIStatusBarStyle[sdk=iphoneos*]" = UIStatusBarStyleDefault;
				"INFOPLIST_KEY_UIStatusBarStyle[sdk=iphonesimulator*]" = UIStatusBarStyleDefault;
				INFOPLIST_KEY_UISupportedInterfaceOrientations_iPad = "UIInterfaceOrientationPortrait UIInterfaceOrientationPortraitUpsideDown UIInterfaceOrientationLandscapeLeft UIInterfaceOrientationLandscapeRight";
				INFOPLIST_KEY_UISupportedInterfaceOrientations_iPhone = "UIInterfaceOrientationPortrait UIInterfaceOrientationLandscapeLeft UIInterfaceOrientationLandscapeRight";
				IPHONEOS_DEPLOYMENT_TARGET = 17.0;
				LD_RUNPATH_SEARCH_PATHS = "@executable_path/Frameworks";
				"LD_RUNPATH_SEARCH_PATHS[sdk=macosx*]" = "@executable_path/../Frameworks";
				MACOSX_DEPLOYMENT_TARGET = 14.0;
				MARKETING_VERSION = 1.0;
				PRODUCT_BUNDLE_IDENTIFIER = com.privoce.MockTaobao;
				PRODUCT_NAME = "$(TARGET_NAME)";
				SDKROOT = auto;
				SUPPORTED_PLATFORMS = "iphoneos iphonesimulator";
				SUPPORTS_MACCATALYST = NO;
				SWIFT_EMIT_LOC_STRINGS = YES;
				SWIFT_VERSION = 5.0;
				TARGETED_DEVICE_FAMILY = "1,2";
			};
			name = Release;
		};
		D6C8DE7D2B1FEFAC0081F75C /* Debug */ = {
			isa = XCBuildConfiguration;
			baseConfigurationReference = 30095256687BB76FC09CE10B /* Pods-MockTaobaoTests.debug.xcconfig */;
			buildSettings = {
				ALWAYS_EMBED_SWIFT_STANDARD_LIBRARIES = YES;
				BUNDLE_LOADER = "$(TEST_HOST)";
				CODE_SIGN_STYLE = Automatic;
				CURRENT_PROJECT_VERSION = 1;
				DEVELOPMENT_TEAM = 355Y8J4TGX;
				GENERATE_INFOPLIST_FILE = YES;
				IPHONEOS_DEPLOYMENT_TARGET = 17.0;
				MACOSX_DEPLOYMENT_TARGET = 14.0;
				MARKETING_VERSION = 1.0;
				PRODUCT_BUNDLE_IDENTIFIER = com.shuotwang.MockTaobaoTests;
				PRODUCT_NAME = "$(TARGET_NAME)";
				SDKROOT = auto;
				SUPPORTED_PLATFORMS = "iphoneos iphonesimulator macosx";
				SWIFT_EMIT_LOC_STRINGS = NO;
				SWIFT_VERSION = 5.0;
				TARGETED_DEVICE_FAMILY = "1,2";
				TEST_HOST = "$(BUILT_PRODUCTS_DIR)/MockTaobao.app/$(BUNDLE_EXECUTABLE_FOLDER_PATH)/MockTaobao";
			};
			name = Debug;
		};
		D6C8DE7E2B1FEFAC0081F75C /* Release */ = {
			isa = XCBuildConfiguration;
			baseConfigurationReference = 9975BD9DCF74327CDB78E922 /* Pods-MockTaobaoTests.release.xcconfig */;
			buildSettings = {
				ALWAYS_EMBED_SWIFT_STANDARD_LIBRARIES = YES;
				BUNDLE_LOADER = "$(TEST_HOST)";
				CODE_SIGN_STYLE = Automatic;
				CURRENT_PROJECT_VERSION = 1;
				DEVELOPMENT_TEAM = 355Y8J4TGX;
				GENERATE_INFOPLIST_FILE = YES;
				IPHONEOS_DEPLOYMENT_TARGET = 17.0;
				MACOSX_DEPLOYMENT_TARGET = 14.0;
				MARKETING_VERSION = 1.0;
				PRODUCT_BUNDLE_IDENTIFIER = com.shuotwang.MockTaobaoTests;
				PRODUCT_NAME = "$(TARGET_NAME)";
				SDKROOT = auto;
				SUPPORTED_PLATFORMS = "iphoneos iphonesimulator macosx";
				SWIFT_EMIT_LOC_STRINGS = NO;
				SWIFT_VERSION = 5.0;
				TARGETED_DEVICE_FAMILY = "1,2";
				TEST_HOST = "$(BUILT_PRODUCTS_DIR)/MockTaobao.app/$(BUNDLE_EXECUTABLE_FOLDER_PATH)/MockTaobao";
			};
			name = Release;
		};
		D6C8DE802B1FEFAC0081F75C /* Debug */ = {
			isa = XCBuildConfiguration;
			baseConfigurationReference = A0EC21D9AF10A6E50751D2E6 /* Pods-MockTaobao-MockTaobaoUITests.debug.xcconfig */;
			buildSettings = {
				ALWAYS_EMBED_SWIFT_STANDARD_LIBRARIES = YES;
				CODE_SIGN_STYLE = Automatic;
				CURRENT_PROJECT_VERSION = 1;
				DEVELOPMENT_TEAM = 355Y8J4TGX;
				GENERATE_INFOPLIST_FILE = YES;
				IPHONEOS_DEPLOYMENT_TARGET = 17.0;
				MACOSX_DEPLOYMENT_TARGET = 14.0;
				MARKETING_VERSION = 1.0;
				PRODUCT_BUNDLE_IDENTIFIER = com.shuotwang.MockTaobaoUITests;
				PRODUCT_NAME = "$(TARGET_NAME)";
				SDKROOT = auto;
				SUPPORTED_PLATFORMS = "iphoneos iphonesimulator macosx";
				SWIFT_EMIT_LOC_STRINGS = NO;
				SWIFT_VERSION = 5.0;
				TARGETED_DEVICE_FAMILY = "1,2";
				TEST_TARGET_NAME = MockTaobao;
			};
			name = Debug;
		};
		D6C8DE812B1FEFAC0081F75C /* Release */ = {
			isa = XCBuildConfiguration;
			baseConfigurationReference = CC1247FB516766A0258F9B27 /* Pods-MockTaobao-MockTaobaoUITests.release.xcconfig */;
			buildSettings = {
				ALWAYS_EMBED_SWIFT_STANDARD_LIBRARIES = YES;
				CODE_SIGN_STYLE = Automatic;
				CURRENT_PROJECT_VERSION = 1;
				DEVELOPMENT_TEAM = 355Y8J4TGX;
				GENERATE_INFOPLIST_FILE = YES;
				IPHONEOS_DEPLOYMENT_TARGET = 17.0;
				MACOSX_DEPLOYMENT_TARGET = 14.0;
				MARKETING_VERSION = 1.0;
				PRODUCT_BUNDLE_IDENTIFIER = com.shuotwang.MockTaobaoUITests;
				PRODUCT_NAME = "$(TARGET_NAME)";
				SDKROOT = auto;
				SUPPORTED_PLATFORMS = "iphoneos iphonesimulator macosx";
				SWIFT_EMIT_LOC_STRINGS = NO;
				SWIFT_VERSION = 5.0;
				TARGETED_DEVICE_FAMILY = "1,2";
				TEST_TARGET_NAME = MockTaobao;
			};
			name = Release;
		};
/* End XCBuildConfiguration section */

/* Begin XCConfigurationList section */
		D6C8DE4F2B1FEFAA0081F75C /* Build configuration list for PBXProject "MockTaobao" */ = {
			isa = XCConfigurationList;
			buildConfigurations = (
				D6C8DE772B1FEFAC0081F75C /* Debug */,
				D6C8DE782B1FEFAC0081F75C /* Release */,
			);
			defaultConfigurationIsVisible = 0;
			defaultConfigurationName = Release;
		};
		D6C8DE792B1FEFAC0081F75C /* Build configuration list for PBXNativeTarget "MockTaobao" */ = {
			isa = XCConfigurationList;
			buildConfigurations = (
				D6C8DE7A2B1FEFAC0081F75C /* Debug */,
				D6C8DE7B2B1FEFAC0081F75C /* Release */,
			);
			defaultConfigurationIsVisible = 0;
			defaultConfigurationName = Release;
		};
		D6C8DE7C2B1FEFAC0081F75C /* Build configuration list for PBXNativeTarget "MockTaobaoTests" */ = {
			isa = XCConfigurationList;
			buildConfigurations = (
				D6C8DE7D2B1FEFAC0081F75C /* Debug */,
				D6C8DE7E2B1FEFAC0081F75C /* Release */,
			);
			defaultConfigurationIsVisible = 0;
			defaultConfigurationName = Release;
		};
		D6C8DE7F2B1FEFAC0081F75C /* Build configuration list for PBXNativeTarget "MockTaobaoUITests" */ = {
			isa = XCConfigurationList;
			buildConfigurations = (
				D6C8DE802B1FEFAC0081F75C /* Debug */,
				D6C8DE812B1FEFAC0081F75C /* Release */,
			);
			defaultConfigurationIsVisible = 0;
			defaultConfigurationName = Release;
		};
/* End XCConfigurationList section */
	};
	rootObject = D6C8DE4C2B1FEFAA0081F75C /* Project object */;
}
